// !$*UTF8*$!
{
	archiveVersion = 1;
	classes = {
	};
	objectVersion = 51;
	objects = {

/* Begin PBXBuildFile section */
		6A131C28F30175E18958FF31 /* Pods_JFDouYu_Swift.framework in Frameworks */ = {isa = PBXBuildFile; fileRef = F40FBA65BC91B35EA8EA1F39 /* Pods_JFDouYu_Swift.framework */; };
		E8468B2424EE9D6600E7105C /* AppDelegate.swift in Sources */ = {isa = PBXBuildFile; fileRef = E8468B2324EE9D6600E7105C /* AppDelegate.swift */; };
		E8468B2624EE9D6600E7105C /* SceneDelegate.swift in Sources */ = {isa = PBXBuildFile; fileRef = E8468B2524EE9D6600E7105C /* SceneDelegate.swift */; };
		E8468B2824EE9D6600E7105C /* ViewController.swift in Sources */ = {isa = PBXBuildFile; fileRef = E8468B2724EE9D6600E7105C /* ViewController.swift */; };
		E8468B2B24EE9D6600E7105C /* Main.storyboard in Resources */ = {isa = PBXBuildFile; fileRef = E8468B2924EE9D6600E7105C /* Main.storyboard */; };
		E8468B2D24EE9D7000E7105C /* Assets.xcassets in Resources */ = {isa = PBXBuildFile; fileRef = E8468B2C24EE9D7000E7105C /* Assets.xcassets */; };
		E8468B3024EE9D7000E7105C /* LaunchScreen.storyboard in Resources */ = {isa = PBXBuildFile; fileRef = E8468B2E24EE9D7000E7105C /* LaunchScreen.storyboard */; };
		E8468B7524EF91DE00E7105C /* Home.storyboard in Resources */ = {isa = PBXBuildFile; fileRef = E8468B7324EF91DE00E7105C /* Home.storyboard */; };
		E8468B7724EF920100E7105C /* Live.storyboard in Resources */ = {isa = PBXBuildFile; fileRef = E8468B7624EF920100E7105C /* Live.storyboard */; };
		E8468B7A24EF928500E7105C /* Follow.storyboard in Resources */ = {isa = PBXBuildFile; fileRef = E8468B7824EF928500E7105C /* Follow.storyboard */; };
		E8468B7C24EF92A200E7105C /* Profile.storyboard in Resources */ = {isa = PBXBuildFile; fileRef = E8468B7B24EF92A200E7105C /* Profile.storyboard */; };
		E8468B7E24EFA43E00E7105C /* JFHomeViewController.swift in Sources */ = {isa = PBXBuildFile; fileRef = E8468B7D24EFA43E00E7105C /* JFHomeViewController.swift */; };
		E8468B8024EFA5E800E7105C /* UIBarButtonItem-Extention.swift in Sources */ = {isa = PBXBuildFile; fileRef = E8468B7F24EFA5E800E7105C /* UIBarButtonItem-Extention.swift */; };
		E8468B8224F262C700E7105C /* JFPageTitleView.swift in Sources */ = {isa = PBXBuildFile; fileRef = E8468B8124F262C700E7105C /* JFPageTitleView.swift */; };
		E8468B8424F262E200E7105C /* JFPageContentView.swift in Sources */ = {isa = PBXBuildFile; fileRef = E8468B8324F262E200E7105C /* JFPageContentView.swift */; };
		E8468B8624F3E80C00E7105C /* JFConst.swift in Sources */ = {isa = PBXBuildFile; fileRef = E8468B8524F3E80C00E7105C /* JFConst.swift */; };
		E8468B8824F4F3B300E7105C /* UIColor-Extention.swift in Sources */ = {isa = PBXBuildFile; fileRef = E8468B8724F4F3B300E7105C /* UIColor-Extention.swift */; };
		E8CF282E24FE8E38003AD89D /* JFRecommendViewModel.swift in Sources */ = {isa = PBXBuildFile; fileRef = E8CF282D24FE8E38003AD89D /* JFRecommendViewModel.swift */; };
		E8CF283024FFD937003AD89D /* RecommendViewController.swift in Sources */ = {isa = PBXBuildFile; fileRef = E8CF282F24FFD937003AD89D /* RecommendViewController.swift */; };
		E8CF28332501318E003AD89D /* JFCollectionHeaderView.swift in Sources */ = {isa = PBXBuildFile; fileRef = E8CF28312501318E003AD89D /* JFCollectionHeaderView.swift */; };
		E8CF28342501318E003AD89D /* JFCollectionHeaderView.xib in Resources */ = {isa = PBXBuildFile; fileRef = E8CF28322501318E003AD89D /* JFCollectionHeaderView.xib */; };
		E8CF2837250139E3003AD89D /* JFCollectionViewNormalCell.swift in Sources */ = {isa = PBXBuildFile; fileRef = E8CF2835250139E3003AD89D /* JFCollectionViewNormalCell.swift */; };
		E8CF2838250139E3003AD89D /* JFCollectionViewNormalCell.xib in Resources */ = {isa = PBXBuildFile; fileRef = E8CF2836250139E3003AD89D /* JFCollectionViewNormalCell.xib */; };
		E8CF283B25014F34003AD89D /* JFCollectionViewPrettyCell.swift in Sources */ = {isa = PBXBuildFile; fileRef = E8CF283925014F34003AD89D /* JFCollectionViewPrettyCell.swift */; };
		E8CF283C25014F34003AD89D /* JFCollectionViewPrettyCell.xib in Resources */ = {isa = PBXBuildFile; fileRef = E8CF283A25014F34003AD89D /* JFCollectionViewPrettyCell.xib */; };
		E8CF283F25015CCF003AD89D /* JFNetworkTool.swift in Sources */ = {isa = PBXBuildFile; fileRef = E8CF283E25015CCF003AD89D /* JFNetworkTool.swift */; };
		E8CF284125016AAE003AD89D /* NSDate-Extention.swift in Sources */ = {isa = PBXBuildFile; fileRef = E8CF284025016AAE003AD89D /* NSDate-Extention.swift */; };
		E8CF284325021DB6003AD89D /* AnchorGroup.swift in Sources */ = {isa = PBXBuildFile; fileRef = E8CF284225021DB6003AD89D /* AnchorGroup.swift */; };
		E8CF2845250224FE003AD89D /* AnchorModel.swift in Sources */ = {isa = PBXBuildFile; fileRef = E8CF2844250224FE003AD89D /* AnchorModel.swift */; };
/* End PBXBuildFile section */

/* Begin PBXFileReference section */
		8D861897C22F2BCCCDEBDBBE /* Pods-JFDouYu_Swift.debug.xcconfig */ = {isa = PBXFileReference; includeInIndex = 1; lastKnownFileType = text.xcconfig; name = "Pods-JFDouYu_Swift.debug.xcconfig"; path = "Target Support Files/Pods-JFDouYu_Swift/Pods-JFDouYu_Swift.debug.xcconfig"; sourceTree = "<group>"; };
		A34735B3034DEB526E850C0B /* Pods-JFDouYu_Swift.release.xcconfig */ = {isa = PBXFileReference; includeInIndex = 1; lastKnownFileType = text.xcconfig; name = "Pods-JFDouYu_Swift.release.xcconfig"; path = "Target Support Files/Pods-JFDouYu_Swift/Pods-JFDouYu_Swift.release.xcconfig"; sourceTree = "<group>"; };
		E8468B2024EE9D6600E7105C /* JFDouYu_Swift.app */ = {isa = PBXFileReference; explicitFileType = wrapper.application; includeInIndex = 0; path = JFDouYu_Swift.app; sourceTree = BUILT_PRODUCTS_DIR; };
		E8468B2324EE9D6600E7105C /* AppDelegate.swift */ = {isa = PBXFileReference; lastKnownFileType = sourcecode.swift; path = AppDelegate.swift; sourceTree = "<group>"; };
		E8468B2524EE9D6600E7105C /* SceneDelegate.swift */ = {isa = PBXFileReference; lastKnownFileType = sourcecode.swift; path = SceneDelegate.swift; sourceTree = "<group>"; };
		E8468B2724EE9D6600E7105C /* ViewController.swift */ = {isa = PBXFileReference; lastKnownFileType = sourcecode.swift; path = ViewController.swift; sourceTree = "<group>"; };
		E8468B2A24EE9D6600E7105C /* Base */ = {isa = PBXFileReference; lastKnownFileType = file.storyboard; name = Base; path = Base.lproj/Main.storyboard; sourceTree = "<group>"; };
		E8468B2C24EE9D7000E7105C /* Assets.xcassets */ = {isa = PBXFileReference; lastKnownFileType = folder.assetcatalog; path = Assets.xcassets; sourceTree = "<group>"; };
		E8468B2F24EE9D7000E7105C /* Base */ = {isa = PBXFileReference; lastKnownFileType = file.storyboard; name = Base; path = Base.lproj/LaunchScreen.storyboard; sourceTree = "<group>"; };
		E8468B3124EE9D7000E7105C /* Info.plist */ = {isa = PBXFileReference; lastKnownFileType = text.plist.xml; path = Info.plist; sourceTree = "<group>"; };
		E8468B7424EF91DE00E7105C /* Base */ = {isa = PBXFileReference; lastKnownFileType = file.storyboard; name = Base; path = JFDouYu_Swift/Base.lproj/Home.storyboard; sourceTree = "<group>"; };
		E8468B7624EF920100E7105C /* Live.storyboard */ = {isa = PBXFileReference; fileEncoding = 4; lastKnownFileType = file.storyboard; path = Live.storyboard; sourceTree = "<group>"; };
		E8468B7924EF928500E7105C /* Base */ = {isa = PBXFileReference; lastKnownFileType = file.storyboard; name = Base; path = JFDouYu_Swift/Base.lproj/Follow.storyboard; sourceTree = "<group>"; };
		E8468B7B24EF92A200E7105C /* Profile.storyboard */ = {isa = PBXFileReference; fileEncoding = 4; lastKnownFileType = file.storyboard; path = Profile.storyboard; sourceTree = "<group>"; };
		E8468B7D24EFA43E00E7105C /* JFHomeViewController.swift */ = {isa = PBXFileReference; lastKnownFileType = sourcecode.swift; path = JFHomeViewController.swift; sourceTree = "<group>"; };
		E8468B7F24EFA5E800E7105C /* UIBarButtonItem-Extention.swift */ = {isa = PBXFileReference; lastKnownFileType = sourcecode.swift; path = "UIBarButtonItem-Extention.swift"; sourceTree = "<group>"; };
		E8468B8124F262C700E7105C /* JFPageTitleView.swift */ = {isa = PBXFileReference; lastKnownFileType = sourcecode.swift; path = JFPageTitleView.swift; sourceTree = "<group>"; };
		E8468B8324F262E200E7105C /* JFPageContentView.swift */ = {isa = PBXFileReference; lastKnownFileType = sourcecode.swift; path = JFPageContentView.swift; sourceTree = "<group>"; };
		E8468B8524F3E80C00E7105C /* JFConst.swift */ = {isa = PBXFileReference; lastKnownFileType = sourcecode.swift; path = JFConst.swift; sourceTree = "<group>"; };
		E8468B8724F4F3B300E7105C /* UIColor-Extention.swift */ = {isa = PBXFileReference; lastKnownFileType = sourcecode.swift; path = "UIColor-Extention.swift"; sourceTree = "<group>"; };
		E8CF282D24FE8E38003AD89D /* JFRecommendViewModel.swift */ = {isa = PBXFileReference; lastKnownFileType = sourcecode.swift; path = JFRecommendViewModel.swift; sourceTree = "<group>"; };
		E8CF282F24FFD937003AD89D /* RecommendViewController.swift */ = {isa = PBXFileReference; lastKnownFileType = sourcecode.swift; path = RecommendViewController.swift; sourceTree = "<group>"; };
		E8CF28312501318E003AD89D /* JFCollectionHeaderView.swift */ = {isa = PBXFileReference; lastKnownFileType = sourcecode.swift; path = JFCollectionHeaderView.swift; sourceTree = "<group>"; };
		E8CF28322501318E003AD89D /* JFCollectionHeaderView.xib */ = {isa = PBXFileReference; lastKnownFileType = file.xib; path = JFCollectionHeaderView.xib; sourceTree = "<group>"; };
		E8CF2835250139E3003AD89D /* JFCollectionViewNormalCell.swift */ = {isa = PBXFileReference; lastKnownFileType = sourcecode.swift; path = JFCollectionViewNormalCell.swift; sourceTree = "<group>"; };
		E8CF2836250139E3003AD89D /* JFCollectionViewNormalCell.xib */ = {isa = PBXFileReference; lastKnownFileType = file.xib; path = JFCollectionViewNormalCell.xib; sourceTree = "<group>"; };
		E8CF283925014F34003AD89D /* JFCollectionViewPrettyCell.swift */ = {isa = PBXFileReference; lastKnownFileType = sourcecode.swift; path = JFCollectionViewPrettyCell.swift; sourceTree = "<group>"; };
		E8CF283A25014F34003AD89D /* JFCollectionViewPrettyCell.xib */ = {isa = PBXFileReference; lastKnownFileType = file.xib; path = JFCollectionViewPrettyCell.xib; sourceTree = "<group>"; };
		E8CF283E25015CCF003AD89D /* JFNetworkTool.swift */ = {isa = PBXFileReference; lastKnownFileType = sourcecode.swift; path = JFNetworkTool.swift; sourceTree = "<group>"; };
		E8CF284025016AAE003AD89D /* NSDate-Extention.swift */ = {isa = PBXFileReference; lastKnownFileType = sourcecode.swift; path = "NSDate-Extention.swift"; sourceTree = "<group>"; };
		E8CF284225021DB6003AD89D /* AnchorGroup.swift */ = {isa = PBXFileReference; lastKnownFileType = sourcecode.swift; path = AnchorGroup.swift; sourceTree = "<group>"; };
		E8CF2844250224FE003AD89D /* AnchorModel.swift */ = {isa = PBXFileReference; lastKnownFileType = sourcecode.swift; path = AnchorModel.swift; sourceTree = "<group>"; };
		F40FBA65BC91B35EA8EA1F39 /* Pods_JFDouYu_Swift.framework */ = {isa = PBXFileReference; explicitFileType = wrapper.framework; includeInIndex = 0; path = Pods_JFDouYu_Swift.framework; sourceTree = BUILT_PRODUCTS_DIR; };
/* End PBXFileReference section */

/* Begin PBXFrameworksBuildPhase section */
		E8468B1D24EE9D6600E7105C /* Frameworks */ = {
			isa = PBXFrameworksBuildPhase;
			buildActionMask = 2147483647;
			files = (
				6A131C28F30175E18958FF31 /* Pods_JFDouYu_Swift.framework in Frameworks */,
			);
			runOnlyForDeploymentPostprocessing = 0;
		};
/* End PBXFrameworksBuildPhase section */

/* Begin PBXGroup section */
		270FDAAE57A35555DBBC3DD7 /* Frameworks */ = {
			isa = PBXGroup;
			children = (
				F40FBA65BC91B35EA8EA1F39 /* Pods_JFDouYu_Swift.framework */,
			);
			name = Frameworks;
			sourceTree = "<group>";
		};
		2EF0778A14F8072237C2EFB5 /* Pods */ = {
			isa = PBXGroup;
			children = (
				8D861897C22F2BCCCDEBDBBE /* Pods-JFDouYu_Swift.debug.xcconfig */,
				A34735B3034DEB526E850C0B /* Pods-JFDouYu_Swift.release.xcconfig */,
			);
			path = Pods;
			sourceTree = "<group>";
		};
		E8468B1724EE9D6600E7105C = {
			isa = PBXGroup;
			children = (
				E8468B2224EE9D6600E7105C /* JFDouYu_Swift */,
				E8468B2124EE9D6600E7105C /* Products */,
				2EF0778A14F8072237C2EFB5 /* Pods */,
				270FDAAE57A35555DBBC3DD7 /* Frameworks */,
			);
			sourceTree = "<group>";
		};
		E8468B2124EE9D6600E7105C /* Products */ = {
			isa = PBXGroup;
			children = (
				E8468B2024EE9D6600E7105C /* JFDouYu_Swift.app */,
			);
			name = Products;
			sourceTree = "<group>";
		};
		E8468B2224EE9D6600E7105C /* JFDouYu_Swift */ = {
			isa = PBXGroup;
			children = (
				E8468B4D24EEAD0800E7105C /* Classes */,
				E8468B2324EE9D6600E7105C /* AppDelegate.swift */,
				E8468B2524EE9D6600E7105C /* SceneDelegate.swift */,
				E8468B2724EE9D6600E7105C /* ViewController.swift */,
				E8468B2C24EE9D7000E7105C /* Assets.xcassets */,
				E8468B2E24EE9D7000E7105C /* LaunchScreen.storyboard */,
				E8468B3124EE9D7000E7105C /* Info.plist */,
			);
			path = JFDouYu_Swift;
			sourceTree = "<group>";
		};
		E8468B4D24EEAD0800E7105C /* Classes */ = {
			isa = PBXGroup;
			children = (
				E8468B4E24EEAD0800E7105C /* Home */,
				E8468B5224EEAD0800E7105C /* Follow */,
				E8468B5624EEAD0800E7105C /* Profile */,
				E8468B5A24EEAD0800E7105C /* Live */,
				E8468B5E24EEAD0800E7105C /* Main */,
				E8468B6224EEAD0800E7105C /* Tool */,
			);
			path = Classes;
			sourceTree = "<group>";
		};
		E8468B4E24EEAD0800E7105C /* Home */ = {
			isa = PBXGroup;
			children = (
				E8CF282C24FE8E1C003AD89D /* ViewModel */,
				E8468B4F24EEAD0800E7105C /* Controller */,
				E8468B5024EEAD0800E7105C /* Model */,
				E8468B5124EEAD0800E7105C /* View */,
			);
			path = Home;
			sourceTree = "<group>";
		};
		E8468B4F24EEAD0800E7105C /* Controller */ = {
			isa = PBXGroup;
			children = (
				E8468B7324EF91DE00E7105C /* Home.storyboard */,
				E8468B7D24EFA43E00E7105C /* JFHomeViewController.swift */,
				E8CF282F24FFD937003AD89D /* RecommendViewController.swift */,
			);
			path = Controller;
			sourceTree = "<group>";
		};
		E8468B5024EEAD0800E7105C /* Model */ = {
			isa = PBXGroup;
			children = (
			);
			path = Model;
			sourceTree = "<group>";
		};
		E8468B5124EEAD0800E7105C /* View */ = {
			isa = PBXGroup;
			children = (
				E8CF28312501318E003AD89D /* JFCollectionHeaderView.swift */,
				E8CF28322501318E003AD89D /* JFCollectionHeaderView.xib */,
			);
			path = View;
			sourceTree = "<group>";
		};
		E8468B5224EEAD0800E7105C /* Follow */ = {
			isa = PBXGroup;
			children = (
				E8468B7824EF928500E7105C /* Follow.storyboard */,
				E8468B5324EEAD0800E7105C /* Controller */,
				E8468B5424EEAD0800E7105C /* Model */,
				E8468B5524EEAD0800E7105C /* View */,
			);
			path = Follow;
			sourceTree = "<group>";
		};
		E8468B5324EEAD0800E7105C /* Controller */ = {
			isa = PBXGroup;
			children = (
			);
			path = Controller;
			sourceTree = "<group>";
		};
		E8468B5424EEAD0800E7105C /* Model */ = {
			isa = PBXGroup;
			children = (
			);
			path = Model;
			sourceTree = "<group>";
		};
		E8468B5524EEAD0800E7105C /* View */ = {
			isa = PBXGroup;
			children = (
			);
			path = View;
			sourceTree = "<group>";
		};
		E8468B5624EEAD0800E7105C /* Profile */ = {
			isa = PBXGroup;
			children = (
				E8468B7B24EF92A200E7105C /* Profile.storyboard */,
				E8468B5724EEAD0800E7105C /* Controller */,
				E8468B5824EEAD0800E7105C /* Model */,
				E8468B5924EEAD0800E7105C /* View */,
			);
			path = Profile;
			sourceTree = "<group>";
		};
		E8468B5724EEAD0800E7105C /* Controller */ = {
			isa = PBXGroup;
			children = (
			);
			path = Controller;
			sourceTree = "<group>";
		};
		E8468B5824EEAD0800E7105C /* Model */ = {
			isa = PBXGroup;
			children = (
			);
			path = Model;
			sourceTree = "<group>";
		};
		E8468B5924EEAD0800E7105C /* View */ = {
			isa = PBXGroup;
			children = (
			);
			path = View;
			sourceTree = "<group>";
		};
		E8468B5A24EEAD0800E7105C /* Live */ = {
			isa = PBXGroup;
			children = (
				E8468B7624EF920100E7105C /* Live.storyboard */,
				E8468B5B24EEAD0800E7105C /* Controller */,
				E8468B5C24EEAD0800E7105C /* Model */,
				E8468B5D24EEAD0800E7105C /* View */,
			);
			path = Live;
			sourceTree = "<group>";
		};
		E8468B5B24EEAD0800E7105C /* Controller */ = {
			isa = PBXGroup;
			children = (
			);
			path = Controller;
			sourceTree = "<group>";
		};
		E8468B5C24EEAD0800E7105C /* Model */ = {
			isa = PBXGroup;
			children = (
			);
			path = Model;
			sourceTree = "<group>";
		};
		E8468B5D24EEAD0800E7105C /* View */ = {
			isa = PBXGroup;
			children = (
			);
			path = View;
			sourceTree = "<group>";
		};
		E8468B5E24EEAD0800E7105C /* Main */ = {
			isa = PBXGroup;
			children = (
				E8468B5F24EEAD0800E7105C /* Controller */,
				E8468B6024EEAD0800E7105C /* Model */,
				E8468B6124EEAD0800E7105C /* View */,
			);
			path = Main;
			sourceTree = "<group>";
		};
		E8468B5F24EEAD0800E7105C /* Controller */ = {
			isa = PBXGroup;
			children = (
				E8468B2924EE9D6600E7105C /* Main.storyboard */,
			);
			path = Controller;
			sourceTree = "<group>";
		};
		E8468B6024EEAD0800E7105C /* Model */ = {
			isa = PBXGroup;
			children = (
				E8CF284225021DB6003AD89D /* AnchorGroup.swift */,
				E8CF2844250224FE003AD89D /* AnchorModel.swift */,
			);
			path = Model;
			sourceTree = "<group>";
		};
		E8468B6124EEAD0800E7105C /* View */ = {
			isa = PBXGroup;
			children = (
				E8468B8124F262C700E7105C /* JFPageTitleView.swift */,
				E8468B8324F262E200E7105C /* JFPageContentView.swift */,
				E8CF2835250139E3003AD89D /* JFCollectionViewNormalCell.swift */,
				E8CF2836250139E3003AD89D /* JFCollectionViewNormalCell.xib */,
				E8CF283925014F34003AD89D /* JFCollectionViewPrettyCell.swift */,
				E8CF283A25014F34003AD89D /* JFCollectionViewPrettyCell.xib */,
			);
			path = View;
			sourceTree = "<group>";
		};
		E8468B6224EEAD0800E7105C /* Tool */ = {
			isa = PBXGroup;
			children = (
				E8CF283D25015C86003AD89D /* Network */,
				E8468B6324EEAD0800E7105C /* Extention */,
				E8468B8524F3E80C00E7105C /* JFConst.swift */,
			);
			path = Tool;
			sourceTree = "<group>";
		};
		E8468B6324EEAD0800E7105C /* Extention */ = {
			isa = PBXGroup;
			children = (
				E8468B7F24EFA5E800E7105C /* UIBarButtonItem-Extention.swift */,
				E8468B8724F4F3B300E7105C /* UIColor-Extention.swift */,
				E8CF284025016AAE003AD89D /* NSDate-Extention.swift */,
			);
			path = Extention;
			sourceTree = "<group>";
		};
		E8CF282C24FE8E1C003AD89D /* ViewModel */ = {
			isa = PBXGroup;
			children = (
				E8CF282D24FE8E38003AD89D /* JFRecommendViewModel.swift */,
			);
			path = ViewModel;
			sourceTree = "<group>";
		};
		E8CF283D25015C86003AD89D /* Network */ = {
			isa = PBXGroup;
			children = (
				E8CF283E25015CCF003AD89D /* JFNetworkTool.swift */,
			);
			path = Network;
			sourceTree = "<group>";
		};
/* End PBXGroup section */

/* Begin PBXNativeTarget section */
		E8468B1F24EE9D6600E7105C /* JFDouYu_Swift */ = {
			isa = PBXNativeTarget;
			buildConfigurationList = E8468B3424EE9D7000E7105C /* Build configuration list for PBXNativeTarget "JFDouYu_Swift" */;
			buildPhases = (
				0CD72686D39C5335B4792DE7 /* [CP] Check Pods Manifest.lock */,
				E8468B1C24EE9D6600E7105C /* Sources */,
				E8468B1D24EE9D6600E7105C /* Frameworks */,
				E8468B1E24EE9D6600E7105C /* Resources */,
				4B1AF6B32E6B68E3F89828D4 /* [CP] Embed Pods Frameworks */,
			);
			buildRules = (
			);
			dependencies = (
			);
			name = JFDouYu_Swift;
			productName = JFDouYu_Swift;
			productReference = E8468B2024EE9D6600E7105C /* JFDouYu_Swift.app */;
			productType = "com.apple.product-type.application";
		};
/* End PBXNativeTarget section */

/* Begin PBXProject section */
		E8468B1824EE9D6600E7105C /* Project object */ = {
			isa = PBXProject;
			attributes = {
				LastSwiftUpdateCheck = 1160;
				LastUpgradeCheck = 1160;
				ORGANIZATIONNAME = "lin jianfang";
				TargetAttributes = {
					E8468B1F24EE9D6600E7105C = {
						CreatedOnToolsVersion = 11.6;
					};
				};
			};
			buildConfigurationList = E8468B1B24EE9D6600E7105C /* Build configuration list for PBXProject "JFDouYu_Swift" */;
			compatibilityVersion = "Xcode 9.3";
			developmentRegion = en;
			hasScannedForEncodings = 0;
			knownRegions = (
				en,
				Base,
			);
			mainGroup = E8468B1724EE9D6600E7105C;
			productRefGroup = E8468B2124EE9D6600E7105C /* Products */;
			projectDirPath = "";
			projectRoot = "";
			targets = (
				E8468B1F24EE9D6600E7105C /* JFDouYu_Swift */,
			);
		};
/* End PBXProject section */

/* Begin PBXResourcesBuildPhase section */
		E8468B1E24EE9D6600E7105C /* Resources */ = {
			isa = PBXResourcesBuildPhase;
			buildActionMask = 2147483647;
			files = (
				E8CF283C25014F34003AD89D /* JFCollectionViewPrettyCell.xib in Resources */,
				E8468B3024EE9D7000E7105C /* LaunchScreen.storyboard in Resources */,
				E8468B2D24EE9D7000E7105C /* Assets.xcassets in Resources */,
				E8CF2838250139E3003AD89D /* JFCollectionViewNormalCell.xib in Resources */,
				E8468B2B24EE9D6600E7105C /* Main.storyboard in Resources */,
				E8CF28342501318E003AD89D /* JFCollectionHeaderView.xib in Resources */,
				E8468B7724EF920100E7105C /* Live.storyboard in Resources */,
				E8468B7524EF91DE00E7105C /* Home.storyboard in Resources */,
				E8468B7C24EF92A200E7105C /* Profile.storyboard in Resources */,
				E8468B7A24EF928500E7105C /* Follow.storyboard in Resources */,
			);
			runOnlyForDeploymentPostprocessing = 0;
		};
/* End PBXResourcesBuildPhase section */

/* Begin PBXShellScriptBuildPhase section */
		0CD72686D39C5335B4792DE7 /* [CP] Check Pods Manifest.lock */ = {
			isa = PBXShellScriptBuildPhase;
			buildActionMask = 2147483647;
			files = (
			);
			inputFileListPaths = (
			);
			inputPaths = (
				"${PODS_PODFILE_DIR_PATH}/Podfile.lock",
				"${PODS_ROOT}/Manifest.lock",
			);
			name = "[CP] Check Pods Manifest.lock";
			outputFileListPaths = (
			);
			outputPaths = (
				"$(DERIVED_FILE_DIR)/Pods-JFDouYu_Swift-checkManifestLockResult.txt",
			);
			runOnlyForDeploymentPostprocessing = 0;
			shellPath = /bin/sh;
			shellScript = "diff \"${PODS_PODFILE_DIR_PATH}/Podfile.lock\" \"${PODS_ROOT}/Manifest.lock\" > /dev/null\nif [ $? != 0 ] ; then\n    # print error to STDERR\n    echo \"error: The sandbox is not in sync with the Podfile.lock. Run 'pod install' or update your CocoaPods installation.\" >&2\n    exit 1\nfi\n# This output is used by Xcode 'outputs' to avoid re-running this script phase.\necho \"SUCCESS\" > \"${SCRIPT_OUTPUT_FILE_0}\"\n";
			showEnvVarsInLog = 0;
		};
		4B1AF6B32E6B68E3F89828D4 /* [CP] Embed Pods Frameworks */ = {
			isa = PBXShellScriptBuildPhase;
			buildActionMask = 2147483647;
			files = (
			);
			inputFileListPaths = (
				"${PODS_ROOT}/Target Support Files/Pods-JFDouYu_Swift/Pods-JFDouYu_Swift-frameworks-${CONFIGURATION}-input-files.xcfilelist",
			);
			name = "[CP] Embed Pods Frameworks";
			outputFileListPaths = (
				"${PODS_ROOT}/Target Support Files/Pods-JFDouYu_Swift/Pods-JFDouYu_Swift-frameworks-${CONFIGURATION}-output-files.xcfilelist",
			);
			runOnlyForDeploymentPostprocessing = 0;
			shellPath = /bin/sh;
			shellScript = "\"${PODS_ROOT}/Target Support Files/Pods-JFDouYu_Swift/Pods-JFDouYu_Swift-frameworks.sh\"\n";
			showEnvVarsInLog = 0;
		};
/* End PBXShellScriptBuildPhase section */

/* Begin PBXSourcesBuildPhase section */
		E8468B1C24EE9D6600E7105C /* Sources */ = {
			isa = PBXSourcesBuildPhase;
			buildActionMask = 2147483647;
			files = (
				E8CF2837250139E3003AD89D /* JFCollectionViewNormalCell.swift in Sources */,
				E8468B8224F262C700E7105C /* JFPageTitleView.swift in Sources */,
				E8468B8424F262E200E7105C /* JFPageContentView.swift in Sources */,
				E8468B2824EE9D6600E7105C /* ViewController.swift in Sources */,
				E8CF282E24FE8E38003AD89D /* JFRecommendViewModel.swift in Sources */,
				E8468B7E24EFA43E00E7105C /* JFHomeViewController.swift in Sources */,
				E8CF283F25015CCF003AD89D /* JFNetworkTool.swift in Sources */,
				E8468B8824F4F3B300E7105C /* UIColor-Extention.swift in Sources */,
				E8468B2424EE9D6600E7105C /* AppDelegate.swift in Sources */,
				E8CF284325021DB6003AD89D /* AnchorGroup.swift in Sources */,
				E8468B2624EE9D6600E7105C /* SceneDelegate.swift in Sources */,
				E8468B8024EFA5E800E7105C /* UIBarButtonItem-Extention.swift in Sources */,
				E8CF284125016AAE003AD89D /* NSDate-Extention.swift in Sources */,
				E8CF283B25014F34003AD89D /* JFCollectionViewPrettyCell.swift in Sources */,
				E8468B8624F3E80C00E7105C /* JFConst.swift in Sources */,
				E8CF283024FFD937003AD89D /* RecommendViewController.swift in Sources */,
				E8CF2845250224FE003AD89D /* AnchorModel.swift in Sources */,
				E8CF28332501318E003AD89D /* JFCollectionHeaderView.swift in Sources */,
			);
			runOnlyForDeploymentPostprocessing = 0;
		};
/* End PBXSourcesBuildPhase section */

/* Begin PBXVariantGroup section */
		E8468B2924EE9D6600E7105C /* Main.storyboard */ = {
			isa = PBXVariantGroup;
			children = (
				E8468B2A24EE9D6600E7105C /* Base */,
			);
			name = Main.storyboard;
			sourceTree = "<group>";
		};
		E8468B2E24EE9D7000E7105C /* LaunchScreen.storyboard */ = {
			isa = PBXVariantGroup;
			children = (
				E8468B2F24EE9D7000E7105C /* Base */,
			);
			name = LaunchScreen.storyboard;
			sourceTree = "<group>";
		};
		E8468B7324EF91DE00E7105C /* Home.storyboard */ = {
			isa = PBXVariantGroup;
			children = (
				E8468B7424EF91DE00E7105C /* Base */,
			);
			name = Home.storyboard;
			sourceTree = "<group>";
		};
		E8468B7824EF928500E7105C /* Follow.storyboard */ = {
			isa = PBXVariantGroup;
			children = (
				E8468B7924EF928500E7105C /* Base */,
			);
			name = Follow.storyboard;
			sourceTree = "<group>";
		};
/* End PBXVariantGroup section */

/* Begin XCBuildConfiguration section */
		E8468B3224EE9D7000E7105C /* Debug */ = {
			isa = XCBuildConfiguration;
			buildSettings = {
				ALWAYS_SEARCH_USER_PATHS = NO;
				CLANG_ANALYZER_NONNULL = YES;
				CLANG_ANALYZER_NUMBER_OBJECT_CONVERSION = YES_AGGRESSIVE;
				CLANG_CXX_LANGUAGE_STANDARD = "gnu++14";
				CLANG_CXX_LIBRARY = "libc++";
				CLANG_ENABLE_MODULES = YES;
				CLANG_ENABLE_OBJC_ARC = YES;
				CLANG_ENABLE_OBJC_WEAK = YES;
				CLANG_WARN_BLOCK_CAPTURE_AUTORELEASING = YES;
				CLANG_WARN_BOOL_CONVERSION = YES;
				CLANG_WARN_COMMA = YES;
				CLANG_WARN_CONSTANT_CONVERSION = YES;
				CLANG_WARN_DEPRECATED_OBJC_IMPLEMENTATIONS = YES;
				CLANG_WARN_DIRECT_OBJC_ISA_USAGE = YES_ERROR;
				CLANG_WARN_DOCUMENTATION_COMMENTS = YES;
				CLANG_WARN_EMPTY_BODY = YES;
				CLANG_WARN_ENUM_CONVERSION = YES;
				CLANG_WARN_INFINITE_RECURSION = YES;
				CLANG_WARN_INT_CONVERSION = YES;
				CLANG_WARN_NON_LITERAL_NULL_CONVERSION = YES;
				CLANG_WARN_OBJC_IMPLICIT_RETAIN_SELF = YES;
				CLANG_WARN_OBJC_LITERAL_CONVERSION = YES;
				CLANG_WARN_OBJC_ROOT_CLASS = YES_ERROR;
				CLANG_WARN_RANGE_LOOP_ANALYSIS = YES;
				CLANG_WARN_STRICT_PROTOTYPES = YES;
				CLANG_WARN_SUSPICIOUS_MOVE = YES;
				CLANG_WARN_UNGUARDED_AVAILABILITY = YES_AGGRESSIVE;
				CLANG_WARN_UNREACHABLE_CODE = YES;
				CLANG_WARN__DUPLICATE_METHOD_MATCH = YES;
				COPY_PHASE_STRIP = NO;
				DEBUG_INFORMATION_FORMAT = dwarf;
				ENABLE_STRICT_OBJC_MSGSEND = YES;
				ENABLE_TESTABILITY = YES;
				GCC_C_LANGUAGE_STANDARD = gnu11;
				GCC_DYNAMIC_NO_PIC = NO;
				GCC_NO_COMMON_BLOCKS = YES;
				GCC_OPTIMIZATION_LEVEL = 0;
				GCC_PREPROCESSOR_DEFINITIONS = (
					"DEBUG=1",
					"$(inherited)",
				);
				GCC_WARN_64_TO_32_BIT_CONVERSION = YES;
				GCC_WARN_ABOUT_RETURN_TYPE = YES_ERROR;
				GCC_WARN_UNDECLARED_SELECTOR = YES;
				GCC_WARN_UNINITIALIZED_AUTOS = YES_AGGRESSIVE;
				GCC_WARN_UNUSED_FUNCTION = YES;
				GCC_WARN_UNUSED_VARIABLE = YES;
				IPHONEOS_DEPLOYMENT_TARGET = 13.6;
				MTL_ENABLE_DEBUG_INFO = INCLUDE_SOURCE;
				MTL_FAST_MATH = YES;
				ONLY_ACTIVE_ARCH = YES;
				SDKROOT = iphoneos;
				SWIFT_ACTIVE_COMPILATION_CONDITIONS = DEBUG;
				SWIFT_OPTIMIZATION_LEVEL = "-Onone";
			};
			name = Debug;
		};
		E8468B3324EE9D7000E7105C /* Release */ = {
			isa = XCBuildConfiguration;
			buildSettings = {
				ALWAYS_SEARCH_USER_PATHS = NO;
				CLANG_ANALYZER_NONNULL = YES;
				CLANG_ANALYZER_NUMBER_OBJECT_CONVERSION = YES_AGGRESSIVE;
				CLANG_CXX_LANGUAGE_STANDARD = "gnu++14";
				CLANG_CXX_LIBRARY = "libc++";
				CLANG_ENABLE_MODULES = YES;
				CLANG_ENABLE_OBJC_ARC = YES;
				CLANG_ENABLE_OBJC_WEAK = YES;
				CLANG_WARN_BLOCK_CAPTURE_AUTORELEASING = YES;
				CLANG_WARN_BOOL_CONVERSION = YES;
				CLANG_WARN_COMMA = YES;
				CLANG_WARN_CONSTANT_CONVERSION = YES;
				CLANG_WARN_DEPRECATED_OBJC_IMPLEMENTATIONS = YES;
				CLANG_WARN_DIRECT_OBJC_ISA_USAGE = YES_ERROR;
				CLANG_WARN_DOCUMENTATION_COMMENTS = YES;
				CLANG_WARN_EMPTY_BODY = YES;
				CLANG_WARN_ENUM_CONVERSION = YES;
				CLANG_WARN_INFINITE_RECURSION = YES;
				CLANG_WARN_INT_CONVERSION = YES;
				CLANG_WARN_NON_LITERAL_NULL_CONVERSION = YES;
				CLANG_WARN_OBJC_IMPLICIT_RETAIN_SELF = YES;
				CLANG_WARN_OBJC_LITERAL_CONVERSION = YES;
				CLANG_WARN_OBJC_ROOT_CLASS = YES_ERROR;
				CLANG_WARN_RANGE_LOOP_ANALYSIS = YES;
				CLANG_WARN_STRICT_PROTOTYPES = YES;
				CLANG_WARN_SUSPICIOUS_MOVE = YES;
				CLANG_WARN_UNGUARDED_AVAILABILITY = YES_AGGRESSIVE;
				CLANG_WARN_UNREACHABLE_CODE = YES;
				CLANG_WARN__DUPLICATE_METHOD_MATCH = YES;
				COPY_PHASE_STRIP = NO;
				DEBUG_INFORMATION_FORMAT = "dwarf-with-dsym";
				ENABLE_NS_ASSERTIONS = NO;
				ENABLE_STRICT_OBJC_MSGSEND = YES;
				GCC_C_LANGUAGE_STANDARD = gnu11;
				GCC_NO_COMMON_BLOCKS = YES;
				GCC_WARN_64_TO_32_BIT_CONVERSION = YES;
				GCC_WARN_ABOUT_RETURN_TYPE = YES_ERROR;
				GCC_WARN_UNDECLARED_SELECTOR = YES;
				GCC_WARN_UNINITIALIZED_AUTOS = YES_AGGRESSIVE;
				GCC_WARN_UNUSED_FUNCTION = YES;
				GCC_WARN_UNUSED_VARIABLE = YES;
				IPHONEOS_DEPLOYMENT_TARGET = 13.6;
				MTL_ENABLE_DEBUG_INFO = NO;
				MTL_FAST_MATH = YES;
				SDKROOT = iphoneos;
				SWIFT_COMPILATION_MODE = wholemodule;
				SWIFT_OPTIMIZATION_LEVEL = "-O";
				VALIDATE_PRODUCT = YES;
			};
			name = Release;
		};
		E8468B3524EE9D7000E7105C /* Debug */ = {
			isa = XCBuildConfiguration;
			baseConfigurationReference = 8D861897C22F2BCCCDEBDBBE /* Pods-JFDouYu_Swift.debug.xcconfig */;
			buildSettings = {
				ASSETCATALOG_COMPILER_APPICON_NAME = AppIcon;
				CODE_SIGN_STYLE = Automatic;
				INFOPLIST_FILE = JFDouYu_Swift/Info.plist;
				IPHONEOS_DEPLOYMENT_TARGET = 10.0;
				LD_RUNPATH_SEARCH_PATHS = (
					"$(inherited)",
					"@executable_path/Frameworks",
				);
				PRODUCT_BUNDLE_IDENTIFIER = "ljf.JFDouYu-Swift";
				PRODUCT_NAME = "$(TARGET_NAME)";
				SWIFT_VERSION = 5.0;
				TARGETED_DEVICE_FAMILY = "1,2";
			};
			name = Debug;
		};
		E8468B3624EE9D7000E7105C /* Release */ = {
			isa = XCBuildConfiguration;
			baseConfigurationReference = A34735B3034DEB526E850C0B /* Pods-JFDouYu_Swift.release.xcconfig */;
			buildSettings = {
				ASSETCATALOG_COMPILER_APPICON_NAME = AppIcon;
				CODE_SIGN_STYLE = Automatic;
				INFOPLIST_FILE = JFDouYu_Swift/Info.plist;
				IPHONEOS_DEPLOYMENT_TARGET = 10.0;
				LD_RUNPATH_SEARCH_PATHS = (
					"$(inherited)",
					"@executable_path/Frameworks",
				);
				PRODUCT_BUNDLE_IDENTIFIER = "ljf.JFDouYu-Swift";
				PRODUCT_NAME = "$(TARGET_NAME)";
				SWIFT_VERSION = 5.0;
				TARGETED_DEVICE_FAMILY = "1,2";
			};
			name = Release;
		};
/* End XCBuildConfiguration section */

/* Begin XCConfigurationList section */
		E8468B1B24EE9D6600E7105C /* Build configuration list for PBXProject "JFDouYu_Swift" */ = {
			isa = XCConfigurationList;
			buildConfigurations = (
				E8468B3224EE9D7000E7105C /* Debug */,
				E8468B3324EE9D7000E7105C /* Release */,
			);
			defaultConfigurationIsVisible = 0;
			defaultConfigurationName = Release;
		};
		E8468B3424EE9D7000E7105C /* Build configuration list for PBXNativeTarget "JFDouYu_Swift" */ = {
			isa = XCConfigurationList;
			buildConfigurations = (
				E8468B3524EE9D7000E7105C /* Debug */,
				E8468B3624EE9D7000E7105C /* Release */,
			);
			defaultConfigurationIsVisible = 0;
			defaultConfigurationName = Release;
		};
/* End XCConfigurationList section */
	};
	rootObject = E8468B1824EE9D6600E7105C /* Project object */;
}
